// !$*UTF8*$!
{
	archiveVersion = 1;
	classes = {
	};
	objectVersion = 56;
	objects = {

/* Begin PBXBuildFile section */
		C603A5A6297C0EF100F53058 /* OrderViewController.swift in Sources */ = {isa = PBXBuildFile; fileRef = C603A5A5297C0EF100F53058 /* OrderViewController.swift */; };
		C604BDC82971C779005A1709 /* PromoModel.swift in Sources */ = {isa = PBXBuildFile; fileRef = C604BDC72971C779005A1709 /* PromoModel.swift */; };
		C60DA0FA298EE9ED00087C2C /* SignUpViewController.swift in Sources */ = {isa = PBXBuildFile; fileRef = C60DA0F9298EE9ED00087C2C /* SignUpViewController.swift */; };
		C63D2FEF2976D12900EDEEA4 /* MenuHeader.swift in Sources */ = {isa = PBXBuildFile; fileRef = C63D2FEE2976D12900EDEEA4 /* MenuHeader.swift */; };
		C645E85229912A8800ADD66A /* FirestoreManager.swift in Sources */ = {isa = PBXBuildFile; fileRef = C645E85129912A8800ADD66A /* FirestoreManager.swift */; };
		C645E854299152C900ADD66A /* MapViewController.swift in Sources */ = {isa = PBXBuildFile; fileRef = C645E853299152C900ADD66A /* MapViewController.swift */; };
		C656CAF929888B0600E3CF30 /* UITextView + Extension.swift in Sources */ = {isa = PBXBuildFile; fileRef = C656CAF829888B0600E3CF30 /* UITextView + Extension.swift */; };
		C6696BDD29855C5600CA829E /* OrderItemModel.swift in Sources */ = {isa = PBXBuildFile; fileRef = C6696BDC29855C5600CA829E /* OrderItemModel.swift */; };
		C67E6514298E960000EAAF58 /* LoginViewController.swift in Sources */ = {isa = PBXBuildFile; fileRef = C67E6513298E960000EAAF58 /* LoginViewController.swift */; };
		C68018E429927B34006C8F32 /* FireStorageManager.swift in Sources */ = {isa = PBXBuildFile; fileRef = C68018E329927B34006C8F32 /* FireStorageManager.swift */; };
		C68D42EF2971ABB300FB7A9D /* AppDelegate.swift in Sources */ = {isa = PBXBuildFile; fileRef = C68D42EE2971ABB300FB7A9D /* AppDelegate.swift */; };
		C68D42F12971ABB300FB7A9D /* SceneDelegate.swift in Sources */ = {isa = PBXBuildFile; fileRef = C68D42F02971ABB300FB7A9D /* SceneDelegate.swift */; };
		C68D42F32971ABB300FB7A9D /* MenuViewController.swift in Sources */ = {isa = PBXBuildFile; fileRef = C68D42F22971ABB300FB7A9D /* MenuViewController.swift */; };
		C68D42F62971ABB300FB7A9D /* Main.storyboard in Resources */ = {isa = PBXBuildFile; fileRef = C68D42F42971ABB300FB7A9D /* Main.storyboard */; };
		C68D42F82971ABB400FB7A9D /* Assets.xcassets in Resources */ = {isa = PBXBuildFile; fileRef = C68D42F72971ABB400FB7A9D /* Assets.xcassets */; };
		C68D42FB2971ABB400FB7A9D /* LaunchScreen.storyboard in Resources */ = {isa = PBXBuildFile; fileRef = C68D42F92971ABB400FB7A9D /* LaunchScreen.storyboard */; };
		C68F0C5929746D01007A0F3A /* MenuCollectionViewCell.swift in Sources */ = {isa = PBXBuildFile; fileRef = C68F0C5829746D01007A0F3A /* MenuCollectionViewCell.swift */; };
		C68F0C5B29746D5F007A0F3A /* MenuItemModel.swift in Sources */ = {isa = PBXBuildFile; fileRef = C68F0C5A29746D5F007A0F3A /* MenuItemModel.swift */; };
		C6929FB62971BE24008A0080 /* PromoCollectionViewCell.swift in Sources */ = {isa = PBXBuildFile; fileRef = C6929FB52971BE24008A0080 /* PromoCollectionViewCell.swift */; };
		C696421C2971C15C008C3FED /* UIView + Extension.swift in Sources */ = {isa = PBXBuildFile; fileRef = C696421B2971C15C008C3FED /* UIView + Extension.swift */; };
		C69744FA2982BC3200D65A6D /* MenuBrain.swift in Sources */ = {isa = PBXBuildFile; fileRef = C69744F92982BC3200D65A6D /* MenuBrain.swift */; };
		C69E76F829800D8E00B7D49B /* OrderDishCollectionViewCell.swift in Sources */ = {isa = PBXBuildFile; fileRef = C69E76F729800D8E00B7D49B /* OrderDishCollectionViewCell.swift */; };
		C6A0BA6D298FC3BC00A3E738 /* HelperFunctions.swift in Sources */ = {isa = PBXBuildFile; fileRef = C6A0BA6C298FC3BC00A3E738 /* HelperFunctions.swift */; };
		C6AA1715297EC23600B70E46 /* GoogleService-Info.plist in Resources */ = {isa = PBXBuildFile; fileRef = C6AA1714297EC23600B70E46 /* GoogleService-Info.plist */; };
		C6AA1718297EDEFA00B70E46 /* FirebaseAnalyticsSwift in Frameworks */ = {isa = PBXBuildFile; productRef = C6AA1717297EDEFA00B70E46 /* FirebaseAnalyticsSwift */; };
		C6AA171A297EDEFA00B70E46 /* FirebaseAuth in Frameworks */ = {isa = PBXBuildFile; productRef = C6AA1719297EDEFA00B70E46 /* FirebaseAuth */; };
		C6AA171C297EDEFA00B70E46 /* FirebaseAuthCombine-Community in Frameworks */ = {isa = PBXBuildFile; productRef = C6AA171B297EDEFA00B70E46 /* FirebaseAuthCombine-Community */; };
		C6AA171E297EDEFA00B70E46 /* FirebaseFirestoreSwift in Frameworks */ = {isa = PBXBuildFile; productRef = C6AA171D297EDEFA00B70E46 /* FirebaseFirestoreSwift */; };
		C6AA1720297EDEFA00B70E46 /* FirebaseFunctions in Frameworks */ = {isa = PBXBuildFile; productRef = C6AA171F297EDEFA00B70E46 /* FirebaseFunctions */; };
		C6AA1722297EDEFA00B70E46 /* FirebaseInstallations in Frameworks */ = {isa = PBXBuildFile; productRef = C6AA1721297EDEFA00B70E46 /* FirebaseInstallations */; };
		C6AA1724297EDEFA00B70E46 /* FirebasePerformance in Frameworks */ = {isa = PBXBuildFile; productRef = C6AA1723297EDEFA00B70E46 /* FirebasePerformance */; };
		C6AA1726297EDEFA00B70E46 /* FirebaseRemoteConfigSwift in Frameworks */ = {isa = PBXBuildFile; productRef = C6AA1725297EDEFA00B70E46 /* FirebaseRemoteConfigSwift */; };
		C6AA1728297EDEFA00B70E46 /* FirebaseStorage in Frameworks */ = {isa = PBXBuildFile; productRef = C6AA1727297EDEFA00B70E46 /* FirebaseStorage */; };
		C6AA172A297EE4D500B70E46 /* OrderViewLayout.swift in Sources */ = {isa = PBXBuildFile; fileRef = C6AA1729297EE4D500B70E46 /* OrderViewLayout.swift */; };
		C6AD59BF297D50780051B5DA /* FoodDetailsViewController.swift in Sources */ = {isa = PBXBuildFile; fileRef = C6AD59BE297D50780051B5DA /* FoodDetailsViewController.swift */; };
		C6B7FF8729759D51001728AE /* K.swift in Sources */ = {isa = PBXBuildFile; fileRef = C6B7FF8629759D51001728AE /* K.swift */; };
		C6B8475029741B2200613C1E /* UIImageView + Extension.swift in Sources */ = {isa = PBXBuildFile; fileRef = C6B8474F29741B2200613C1E /* UIImageView + Extension.swift */; };
		C6C5CCFF2971B5070091E84E /* MenuViewLayout.swift in Sources */ = {isa = PBXBuildFile; fileRef = C6C5CCFE2971B5070091E84E /* MenuViewLayout.swift */; };
		C6CBAECA2973343F008164F8 /* FoodCategoryCollectionViewCell.swift in Sources */ = {isa = PBXBuildFile; fileRef = C6CBAEC92973343F008164F8 /* FoodCategoryCollectionViewCell.swift */; };
		C6CBAECC29733470008164F8 /* FoodCategoryModel.swift in Sources */ = {isa = PBXBuildFile; fileRef = C6CBAECB29733470008164F8 /* FoodCategoryModel.swift */; };
/* End PBXBuildFile section */

/* Begin PBXFileReference section */
		C603A5A5297C0EF100F53058 /* OrderViewController.swift */ = {isa = PBXFileReference; lastKnownFileType = sourcecode.swift; path = OrderViewController.swift; sourceTree = "<group>"; };
		C604BDC72971C779005A1709 /* PromoModel.swift */ = {isa = PBXFileReference; lastKnownFileType = sourcecode.swift; path = PromoModel.swift; sourceTree = "<group>"; };
		C60DA0F9298EE9ED00087C2C /* SignUpViewController.swift */ = {isa = PBXFileReference; lastKnownFileType = sourcecode.swift; path = SignUpViewController.swift; sourceTree = "<group>"; };
		C63D2FEE2976D12900EDEEA4 /* MenuHeader.swift */ = {isa = PBXFileReference; lastKnownFileType = sourcecode.swift; path = MenuHeader.swift; sourceTree = "<group>"; };
		C645E85129912A8800ADD66A /* FirestoreManager.swift */ = {isa = PBXFileReference; lastKnownFileType = sourcecode.swift; path = FirestoreManager.swift; sourceTree = "<group>"; };
		C645E853299152C900ADD66A /* MapViewController.swift */ = {isa = PBXFileReference; lastKnownFileType = sourcecode.swift; path = MapViewController.swift; sourceTree = "<group>"; };
		C656CAF829888B0600E3CF30 /* UITextView + Extension.swift */ = {isa = PBXFileReference; lastKnownFileType = sourcecode.swift; path = "UITextView + Extension.swift"; sourceTree = "<group>"; };
		C6696BDC29855C5600CA829E /* OrderItemModel.swift */ = {isa = PBXFileReference; lastKnownFileType = sourcecode.swift; path = OrderItemModel.swift; sourceTree = "<group>"; };
		C67E6513298E960000EAAF58 /* LoginViewController.swift */ = {isa = PBXFileReference; lastKnownFileType = sourcecode.swift; path = LoginViewController.swift; sourceTree = "<group>"; };
		C68018E329927B34006C8F32 /* FireStorageManager.swift */ = {isa = PBXFileReference; lastKnownFileType = sourcecode.swift; path = FireStorageManager.swift; sourceTree = "<group>"; };
		C68D42EB2971ABB300FB7A9D /* Food Delivery.app */ = {isa = PBXFileReference; explicitFileType = wrapper.application; includeInIndex = 0; path = "Food Delivery.app"; sourceTree = BUILT_PRODUCTS_DIR; };
		C68D42EE2971ABB300FB7A9D /* AppDelegate.swift */ = {isa = PBXFileReference; lastKnownFileType = sourcecode.swift; path = AppDelegate.swift; sourceTree = "<group>"; };
		C68D42F02971ABB300FB7A9D /* SceneDelegate.swift */ = {isa = PBXFileReference; lastKnownFileType = sourcecode.swift; path = SceneDelegate.swift; sourceTree = "<group>"; };
		C68D42F22971ABB300FB7A9D /* MenuViewController.swift */ = {isa = PBXFileReference; lastKnownFileType = sourcecode.swift; path = MenuViewController.swift; sourceTree = "<group>"; };
		C68D42F52971ABB300FB7A9D /* Base */ = {isa = PBXFileReference; lastKnownFileType = file.storyboard; name = Base; path = Base.lproj/Main.storyboard; sourceTree = "<group>"; };
		C68D42F72971ABB400FB7A9D /* Assets.xcassets */ = {isa = PBXFileReference; lastKnownFileType = folder.assetcatalog; path = Assets.xcassets; sourceTree = "<group>"; };
		C68D42FA2971ABB400FB7A9D /* Base */ = {isa = PBXFileReference; lastKnownFileType = file.storyboard; name = Base; path = Base.lproj/LaunchScreen.storyboard; sourceTree = "<group>"; };
		C68D42FC2971ABB400FB7A9D /* Info.plist */ = {isa = PBXFileReference; lastKnownFileType = text.plist.xml; path = Info.plist; sourceTree = "<group>"; };
		C68F0C5829746D01007A0F3A /* MenuCollectionViewCell.swift */ = {isa = PBXFileReference; lastKnownFileType = sourcecode.swift; path = MenuCollectionViewCell.swift; sourceTree = "<group>"; };
		C68F0C5A29746D5F007A0F3A /* MenuItemModel.swift */ = {isa = PBXFileReference; lastKnownFileType = sourcecode.swift; path = MenuItemModel.swift; sourceTree = "<group>"; };
		C6929FB52971BE24008A0080 /* PromoCollectionViewCell.swift */ = {isa = PBXFileReference; lastKnownFileType = sourcecode.swift; path = PromoCollectionViewCell.swift; sourceTree = "<group>"; };
		C696421B2971C15C008C3FED /* UIView + Extension.swift */ = {isa = PBXFileReference; lastKnownFileType = sourcecode.swift; path = "UIView + Extension.swift"; sourceTree = "<group>"; };
		C69744F92982BC3200D65A6D /* MenuBrain.swift */ = {isa = PBXFileReference; lastKnownFileType = sourcecode.swift; path = MenuBrain.swift; sourceTree = "<group>"; };
		C69E76F729800D8E00B7D49B /* OrderDishCollectionViewCell.swift */ = {isa = PBXFileReference; lastKnownFileType = sourcecode.swift; path = OrderDishCollectionViewCell.swift; sourceTree = "<group>"; };
		C6A0BA6C298FC3BC00A3E738 /* HelperFunctions.swift */ = {isa = PBXFileReference; lastKnownFileType = sourcecode.swift; path = HelperFunctions.swift; sourceTree = "<group>"; };
		C6AA1714297EC23600B70E46 /* GoogleService-Info.plist */ = {isa = PBXFileReference; fileEncoding = 4; lastKnownFileType = text.plist.xml; path = "GoogleService-Info.plist"; sourceTree = "<group>"; };
		C6AA1729297EE4D500B70E46 /* OrderViewLayout.swift */ = {isa = PBXFileReference; lastKnownFileType = sourcecode.swift; path = OrderViewLayout.swift; sourceTree = "<group>"; };
		C6AD59BE297D50780051B5DA /* FoodDetailsViewController.swift */ = {isa = PBXFileReference; lastKnownFileType = sourcecode.swift; path = FoodDetailsViewController.swift; sourceTree = "<group>"; };
		C6B7FF8629759D51001728AE /* K.swift */ = {isa = PBXFileReference; lastKnownFileType = sourcecode.swift; path = K.swift; sourceTree = "<group>"; };
		C6B8474F29741B2200613C1E /* UIImageView + Extension.swift */ = {isa = PBXFileReference; lastKnownFileType = sourcecode.swift; path = "UIImageView + Extension.swift"; sourceTree = "<group>"; };
		C6C5CCFE2971B5070091E84E /* MenuViewLayout.swift */ = {isa = PBXFileReference; lastKnownFileType = sourcecode.swift; path = MenuViewLayout.swift; sourceTree = "<group>"; };
		C6CBAEC92973343F008164F8 /* FoodCategoryCollectionViewCell.swift */ = {isa = PBXFileReference; lastKnownFileType = sourcecode.swift; path = FoodCategoryCollectionViewCell.swift; sourceTree = "<group>"; };
		C6CBAECB29733470008164F8 /* FoodCategoryModel.swift */ = {isa = PBXFileReference; lastKnownFileType = sourcecode.swift; path = FoodCategoryModel.swift; sourceTree = "<group>"; };
/* End PBXFileReference section */

/* Begin PBXFrameworksBuildPhase section */
		C68D42E82971ABB300FB7A9D /* Frameworks */ = {
			isa = PBXFrameworksBuildPhase;
			buildActionMask = 2147483647;
			files = (
				C6AA1724297EDEFA00B70E46 /* FirebasePerformance in Frameworks */,
				C6AA1726297EDEFA00B70E46 /* FirebaseRemoteConfigSwift in Frameworks */,
				C6AA1728297EDEFA00B70E46 /* FirebaseStorage in Frameworks */,
				C6AA1718297EDEFA00B70E46 /* FirebaseAnalyticsSwift in Frameworks */,
				C6AA171C297EDEFA00B70E46 /* FirebaseAuthCombine-Community in Frameworks */,
				C6AA1720297EDEFA00B70E46 /* FirebaseFunctions in Frameworks */,
				C6AA1722297EDEFA00B70E46 /* FirebaseInstallations in Frameworks */,
				C6AA171A297EDEFA00B70E46 /* FirebaseAuth in Frameworks */,
				C6AA171E297EDEFA00B70E46 /* FirebaseFirestoreSwift in Frameworks */,
			);
			runOnlyForDeploymentPostprocessing = 0;
		};
/* End PBXFrameworksBuildPhase section */

/* Begin PBXGroup section */
		C603A5A3297C0EB400F53058 /* Layout */ = {
			isa = PBXGroup;
			children = (
				C6C5CCFE2971B5070091E84E /* MenuViewLayout.swift */,
				C6AA1729297EE4D500B70E46 /* OrderViewLayout.swift */,
			);
			path = Layout;
			sourceTree = "<group>";
		};
		C63D2FF02976D62400EDEEA4 /* Headers */ = {
			isa = PBXGroup;
			children = (
				C63D2FEE2976D12900EDEEA4 /* MenuHeader.swift */,
			);
			path = Headers;
			sourceTree = "<group>";
		};
		C67E6515298EBB7B00EAAF58 /* Resources */ = {
			isa = PBXGroup;
			children = (
				C6A0BA6C298FC3BC00A3E738 /* HelperFunctions.swift */,
				C645E85129912A8800ADD66A /* FirestoreManager.swift */,
				C68018E329927B34006C8F32 /* FireStorageManager.swift */,
			);
			path = Resources;
			sourceTree = "<group>";
		};
		C68D42E22971ABB300FB7A9D = {
			isa = PBXGroup;
			children = (
				C68D42ED2971ABB300FB7A9D /* Food Delivery */,
				C68D42EC2971ABB300FB7A9D /* Products */,
			);
			sourceTree = "<group>";
		};
		C68D42EC2971ABB300FB7A9D /* Products */ = {
			isa = PBXGroup;
			children = (
				C68D42EB2971ABB300FB7A9D /* Food Delivery.app */,
			);
			name = Products;
			sourceTree = "<group>";
		};
		C68D42ED2971ABB300FB7A9D /* Food Delivery */ = {
			isa = PBXGroup;
			children = (
				C67E6515298EBB7B00EAAF58 /* Resources */,
				C696421A2971C144008C3FED /* Extensions */,
				C68D43042971ABC600FB7A9D /* Views */,
				C68D43032971ABC200FB7A9D /* Controllers */,
				C68D43022971ABBA00FB7A9D /* Models */,
				C68D42EE2971ABB300FB7A9D /* AppDelegate.swift */,
				C68D42F02971ABB300FB7A9D /* SceneDelegate.swift */,
				C68D42F72971ABB400FB7A9D /* Assets.xcassets */,
				C68D42FC2971ABB400FB7A9D /* Info.plist */,
				C6B7FF8629759D51001728AE /* K.swift */,
				C6AA1714297EC23600B70E46 /* GoogleService-Info.plist */,
			);
			path = "Food Delivery";
			sourceTree = "<group>";
		};
		C68D43022971ABBA00FB7A9D /* Models */ = {
			isa = PBXGroup;
			children = (
				C69744F92982BC3200D65A6D /* MenuBrain.swift */,
				C603A5A3297C0EB400F53058 /* Layout */,
				C69744FB2982BDAF00D65A6D /* ItemModels */,
			);
			path = Models;
			sourceTree = "<group>";
		};
		C68D43032971ABC200FB7A9D /* Controllers */ = {
			isa = PBXGroup;
			children = (
				C68D42F22971ABB300FB7A9D /* MenuViewController.swift */,
				C603A5A5297C0EF100F53058 /* OrderViewController.swift */,
				C6AD59BE297D50780051B5DA /* FoodDetailsViewController.swift */,
				C67E6513298E960000EAAF58 /* LoginViewController.swift */,
				C60DA0F9298EE9ED00087C2C /* SignUpViewController.swift */,
				C645E853299152C900ADD66A /* MapViewController.swift */,
			);
			path = Controllers;
			sourceTree = "<group>";
		};
		C68D43042971ABC600FB7A9D /* Views */ = {
			isa = PBXGroup;
			children = (
				C63D2FF02976D62400EDEEA4 /* Headers */,
				C6929FB42971BDFB008A0080 /* Cells */,
				C68D42F42971ABB300FB7A9D /* Main.storyboard */,
				C68D42F92971ABB400FB7A9D /* LaunchScreen.storyboard */,
			);
			path = Views;
			sourceTree = "<group>";
		};
		C6929FB42971BDFB008A0080 /* Cells */ = {
			isa = PBXGroup;
			children = (
				C6929FB52971BE24008A0080 /* PromoCollectionViewCell.swift */,
				C68F0C5829746D01007A0F3A /* MenuCollectionViewCell.swift */,
				C6CBAEC92973343F008164F8 /* FoodCategoryCollectionViewCell.swift */,
				C69E76F729800D8E00B7D49B /* OrderDishCollectionViewCell.swift */,
			);
			path = Cells;
			sourceTree = "<group>";
		};
		C696421A2971C144008C3FED /* Extensions */ = {
			isa = PBXGroup;
			children = (
				C696421B2971C15C008C3FED /* UIView + Extension.swift */,
				C6B8474F29741B2200613C1E /* UIImageView + Extension.swift */,
				C656CAF829888B0600E3CF30 /* UITextView + Extension.swift */,
			);
			path = Extensions;
			sourceTree = "<group>";
		};
		C69744FB2982BDAF00D65A6D /* ItemModels */ = {
			isa = PBXGroup;
			children = (
				C604BDC72971C779005A1709 /* PromoModel.swift */,
				C6CBAECB29733470008164F8 /* FoodCategoryModel.swift */,
				C68F0C5A29746D5F007A0F3A /* MenuItemModel.swift */,
				C6696BDC29855C5600CA829E /* OrderItemModel.swift */,
			);
			path = ItemModels;
			sourceTree = "<group>";
		};
/* End PBXGroup section */

/* Begin PBXNativeTarget section */
		C68D42EA2971ABB300FB7A9D /* Food Delivery */ = {
			isa = PBXNativeTarget;
			buildConfigurationList = C68D42FF2971ABB400FB7A9D /* Build configuration list for PBXNativeTarget "Food Delivery" */;
			buildPhases = (
				C68D42E72971ABB300FB7A9D /* Sources */,
				C68D42E82971ABB300FB7A9D /* Frameworks */,
				C68D42E92971ABB300FB7A9D /* Resources */,
			);
			buildRules = (
			);
			dependencies = (
			);
			name = "Food Delivery";
			packageProductDependencies = (
				C6AA1717297EDEFA00B70E46 /* FirebaseAnalyticsSwift */,
				C6AA1719297EDEFA00B70E46 /* FirebaseAuth */,
				C6AA171B297EDEFA00B70E46 /* FirebaseAuthCombine-Community */,
				C6AA171D297EDEFA00B70E46 /* FirebaseFirestoreSwift */,
				C6AA171F297EDEFA00B70E46 /* FirebaseFunctions */,
				C6AA1721297EDEFA00B70E46 /* FirebaseInstallations */,
				C6AA1723297EDEFA00B70E46 /* FirebasePerformance */,
				C6AA1725297EDEFA00B70E46 /* FirebaseRemoteConfigSwift */,
				C6AA1727297EDEFA00B70E46 /* FirebaseStorage */,
			);
			productName = "Food Delivery";
			productReference = C68D42EB2971ABB300FB7A9D /* Food Delivery.app */;
			productType = "com.apple.product-type.application";
		};
/* End PBXNativeTarget section */

/* Begin PBXProject section */
		C68D42E32971ABB300FB7A9D /* Project object */ = {
			isa = PBXProject;
			attributes = {
				BuildIndependentTargetsInParallel = 1;
				LastSwiftUpdateCheck = 1420;
				LastUpgradeCheck = 1420;
				TargetAttributes = {
					C68D42EA2971ABB300FB7A9D = {
						CreatedOnToolsVersion = 14.2;
					};
				};
			};
			buildConfigurationList = C68D42E62971ABB300FB7A9D /* Build configuration list for PBXProject "Food Delivery" */;
			compatibilityVersion = "Xcode 14.0";
			developmentRegion = en;
			hasScannedForEncodings = 0;
			knownRegions = (
				en,
				Base,
			);
			mainGroup = C68D42E22971ABB300FB7A9D;
			packageReferences = (
				C6AA1716297EDEFA00B70E46 /* XCRemoteSwiftPackageReference "firebase-ios-sdk" */,
			);
			productRefGroup = C68D42EC2971ABB300FB7A9D /* Products */;
			projectDirPath = "";
			projectRoot = "";
			targets = (
				C68D42EA2971ABB300FB7A9D /* Food Delivery */,
			);
		};
/* End PBXProject section */

/* Begin PBXResourcesBuildPhase section */
		C68D42E92971ABB300FB7A9D /* Resources */ = {
			isa = PBXResourcesBuildPhase;
			buildActionMask = 2147483647;
			files = (
				C68D42FB2971ABB400FB7A9D /* LaunchScreen.storyboard in Resources */,
				C6AA1715297EC23600B70E46 /* GoogleService-Info.plist in Resources */,
				C68D42F82971ABB400FB7A9D /* Assets.xcassets in Resources */,
				C68D42F62971ABB300FB7A9D /* Main.storyboard in Resources */,
			);
			runOnlyForDeploymentPostprocessing = 0;
		};
/* End PBXResourcesBuildPhase section */

/* Begin PBXSourcesBuildPhase section */
		C68D42E72971ABB300FB7A9D /* Sources */ = {
			isa = PBXSourcesBuildPhase;
			buildActionMask = 2147483647;
			files = (
				C68D42F32971ABB300FB7A9D /* MenuViewController.swift in Sources */,
				C69744FA2982BC3200D65A6D /* MenuBrain.swift in Sources */,
				C6929FB62971BE24008A0080 /* PromoCollectionViewCell.swift in Sources */,
				C604BDC82971C779005A1709 /* PromoModel.swift in Sources */,
				C63D2FEF2976D12900EDEEA4 /* MenuHeader.swift in Sources */,
				C6CBAECC29733470008164F8 /* FoodCategoryModel.swift in Sources */,
				C60DA0FA298EE9ED00087C2C /* SignUpViewController.swift in Sources */,
				C6B8475029741B2200613C1E /* UIImageView + Extension.swift in Sources */,
				C6B7FF8729759D51001728AE /* K.swift in Sources */,
				C6AD59BF297D50780051B5DA /* FoodDetailsViewController.swift in Sources */,
				C6C5CCFF2971B5070091E84E /* MenuViewLayout.swift in Sources */,
				C67E6514298E960000EAAF58 /* LoginViewController.swift in Sources */,
				C68D42EF2971ABB300FB7A9D /* AppDelegate.swift in Sources */,
				C6696BDD29855C5600CA829E /* OrderItemModel.swift in Sources */,
				C68F0C5929746D01007A0F3A /* MenuCollectionViewCell.swift in Sources */,
				C68018E429927B34006C8F32 /* FireStorageManager.swift in Sources */,
				C6AA172A297EE4D500B70E46 /* OrderViewLayout.swift in Sources */,
				C645E85229912A8800ADD66A /* FirestoreManager.swift in Sources */,
				C696421C2971C15C008C3FED /* UIView + Extension.swift in Sources */,
				C6A0BA6D298FC3BC00A3E738 /* HelperFunctions.swift in Sources */,
				C645E854299152C900ADD66A /* MapViewController.swift in Sources */,
				C603A5A6297C0EF100F53058 /* OrderViewController.swift in Sources */,
				C68D42F12971ABB300FB7A9D /* SceneDelegate.swift in Sources */,
				C6CBAECA2973343F008164F8 /* FoodCategoryCollectionViewCell.swift in Sources */,
				C68F0C5B29746D5F007A0F3A /* MenuItemModel.swift in Sources */,
				C656CAF929888B0600E3CF30 /* UITextView + Extension.swift in Sources */,
				C69E76F829800D8E00B7D49B /* OrderDishCollectionViewCell.swift in Sources */,
			);
			runOnlyForDeploymentPostprocessing = 0;
		};
/* End PBXSourcesBuildPhase section */

/* Begin PBXVariantGroup section */
		C68D42F42971ABB300FB7A9D /* Main.storyboard */ = {
			isa = PBXVariantGroup;
			children = (
				C68D42F52971ABB300FB7A9D /* Base */,
			);
			name = Main.storyboard;
			sourceTree = "<group>";
		};
		C68D42F92971ABB400FB7A9D /* LaunchScreen.storyboard */ = {
			isa = PBXVariantGroup;
			children = (
				C68D42FA2971ABB400FB7A9D /* Base */,
			);
			name = LaunchScreen.storyboard;
			sourceTree = "<group>";
		};
/* End PBXVariantGroup section */

/* Begin XCBuildConfiguration section */
		C68D42FD2971ABB400FB7A9D /* Debug */ = {
			isa = XCBuildConfiguration;
			buildSettings = {
				ALWAYS_SEARCH_USER_PATHS = NO;
				CLANG_ANALYZER_NONNULL = YES;
				CLANG_ANALYZER_NUMBER_OBJECT_CONVERSION = YES_AGGRESSIVE;
				CLANG_CXX_LANGUAGE_STANDARD = "gnu++20";
				CLANG_ENABLE_MODULES = YES;
				CLANG_ENABLE_OBJC_ARC = YES;
				CLANG_ENABLE_OBJC_WEAK = YES;
				CLANG_WARN_BLOCK_CAPTURE_AUTORELEASING = YES;
				CLANG_WARN_BOOL_CONVERSION = YES;
				CLANG_WARN_COMMA = YES;
				CLANG_WARN_CONSTANT_CONVERSION = YES;
				CLANG_WARN_DEPRECATED_OBJC_IMPLEMENTATIONS = YES;
				CLANG_WARN_DIRECT_OBJC_ISA_USAGE = YES_ERROR;
				CLANG_WARN_DOCUMENTATION_COMMENTS = YES;
				CLANG_WARN_EMPTY_BODY = YES;
				CLANG_WARN_ENUM_CONVERSION = YES;
				CLANG_WARN_INFINITE_RECURSION = YES;
				CLANG_WARN_INT_CONVERSION = YES;
				CLANG_WARN_NON_LITERAL_NULL_CONVERSION = YES;
				CLANG_WARN_OBJC_IMPLICIT_RETAIN_SELF = YES;
				CLANG_WARN_OBJC_LITERAL_CONVERSION = YES;
				CLANG_WARN_OBJC_ROOT_CLASS = YES_ERROR;
				CLANG_WARN_QUOTED_INCLUDE_IN_FRAMEWORK_HEADER = YES;
				CLANG_WARN_RANGE_LOOP_ANALYSIS = YES;
				CLANG_WARN_STRICT_PROTOTYPES = YES;
				CLANG_WARN_SUSPICIOUS_MOVE = YES;
				CLANG_WARN_UNGUARDED_AVAILABILITY = YES_AGGRESSIVE;
				CLANG_WARN_UNREACHABLE_CODE = YES;
				CLANG_WARN__DUPLICATE_METHOD_MATCH = YES;
				COPY_PHASE_STRIP = NO;
				DEBUG_INFORMATION_FORMAT = dwarf;
				ENABLE_STRICT_OBJC_MSGSEND = YES;
				ENABLE_TESTABILITY = YES;
				GCC_C_LANGUAGE_STANDARD = gnu11;
				GCC_DYNAMIC_NO_PIC = NO;
				GCC_NO_COMMON_BLOCKS = YES;
				GCC_OPTIMIZATION_LEVEL = 0;
				GCC_PREPROCESSOR_DEFINITIONS = (
					"DEBUG=1",
					"$(inherited)",
				);
				GCC_WARN_64_TO_32_BIT_CONVERSION = YES;
				GCC_WARN_ABOUT_RETURN_TYPE = YES_ERROR;
				GCC_WARN_UNDECLARED_SELECTOR = YES;
				GCC_WARN_UNINITIALIZED_AUTOS = YES_AGGRESSIVE;
				GCC_WARN_UNUSED_FUNCTION = YES;
				GCC_WARN_UNUSED_VARIABLE = YES;
				IPHONEOS_DEPLOYMENT_TARGET = 16.2;
				MTL_ENABLE_DEBUG_INFO = INCLUDE_SOURCE;
				MTL_FAST_MATH = YES;
				ONLY_ACTIVE_ARCH = YES;
				SDKROOT = iphoneos;
				SWIFT_ACTIVE_COMPILATION_CONDITIONS = DEBUG;
				SWIFT_OPTIMIZATION_LEVEL = "-Onone";
			};
			name = Debug;
		};
		C68D42FE2971ABB400FB7A9D /* Release */ = {
			isa = XCBuildConfiguration;
			buildSettings = {
				ALWAYS_SEARCH_USER_PATHS = NO;
				CLANG_ANALYZER_NONNULL = YES;
				CLANG_ANALYZER_NUMBER_OBJECT_CONVERSION = YES_AGGRESSIVE;
				CLANG_CXX_LANGUAGE_STANDARD = "gnu++20";
				CLANG_ENABLE_MODULES = YES;
				CLANG_ENABLE_OBJC_ARC = YES;
				CLANG_ENABLE_OBJC_WEAK = YES;
				CLANG_WARN_BLOCK_CAPTURE_AUTORELEASING = YES;
				CLANG_WARN_BOOL_CONVERSION = YES;
				CLANG_WARN_COMMA = YES;
				CLANG_WARN_CONSTANT_CONVERSION = YES;
				CLANG_WARN_DEPRECATED_OBJC_IMPLEMENTATIONS = YES;
				CLANG_WARN_DIRECT_OBJC_ISA_USAGE = YES_ERROR;
				CLANG_WARN_DOCUMENTATION_COMMENTS = YES;
				CLANG_WARN_EMPTY_BODY = YES;
				CLANG_WARN_ENUM_CONVERSION = YES;
				CLANG_WARN_INFINITE_RECURSION = YES;
				CLANG_WARN_INT_CONVERSION = YES;
				CLANG_WARN_NON_LITERAL_NULL_CONVERSION = YES;
				CLANG_WARN_OBJC_IMPLICIT_RETAIN_SELF = YES;
				CLANG_WARN_OBJC_LITERAL_CONVERSION = YES;
				CLANG_WARN_OBJC_ROOT_CLASS = YES_ERROR;
				CLANG_WARN_QUOTED_INCLUDE_IN_FRAMEWORK_HEADER = YES;
				CLANG_WARN_RANGE_LOOP_ANALYSIS = YES;
				CLANG_WARN_STRICT_PROTOTYPES = YES;
				CLANG_WARN_SUSPICIOUS_MOVE = YES;
				CLANG_WARN_UNGUARDED_AVAILABILITY = YES_AGGRESSIVE;
				CLANG_WARN_UNREACHABLE_CODE = YES;
				CLANG_WARN__DUPLICATE_METHOD_MATCH = YES;
				COPY_PHASE_STRIP = NO;
				DEBUG_INFORMATION_FORMAT = "dwarf-with-dsym";
				ENABLE_NS_ASSERTIONS = NO;
				ENABLE_STRICT_OBJC_MSGSEND = YES;
				GCC_C_LANGUAGE_STANDARD = gnu11;
				GCC_NO_COMMON_BLOCKS = YES;
				GCC_WARN_64_TO_32_BIT_CONVERSION = YES;
				GCC_WARN_ABOUT_RETURN_TYPE = YES_ERROR;
				GCC_WARN_UNDECLARED_SELECTOR = YES;
				GCC_WARN_UNINITIALIZED_AUTOS = YES_AGGRESSIVE;
				GCC_WARN_UNUSED_FUNCTION = YES;
				GCC_WARN_UNUSED_VARIABLE = YES;
				IPHONEOS_DEPLOYMENT_TARGET = 16.2;
				MTL_ENABLE_DEBUG_INFO = NO;
				MTL_FAST_MATH = YES;
				SDKROOT = iphoneos;
				SWIFT_COMPILATION_MODE = wholemodule;
				SWIFT_OPTIMIZATION_LEVEL = "-O";
				VALIDATE_PRODUCT = YES;
			};
			name = Release;
		};
		C68D43002971ABB400FB7A9D /* Debug */ = {
			isa = XCBuildConfiguration;
			buildSettings = {
				ASSETCATALOG_COMPILER_APPICON_NAME = AppIcon;
				ASSETCATALOG_COMPILER_GLOBAL_ACCENT_COLOR_NAME = AccentColor;
				CODE_SIGN_STYLE = Automatic;
				CURRENT_PROJECT_VERSION = 1;
				DEVELOPMENT_TEAM = HRS8A783WL;
				GENERATE_INFOPLIST_FILE = YES;
				INFOPLIST_FILE = "Food Delivery/Info.plist";
				INFOPLIST_KEY_UIApplicationSupportsIndirectInputEvents = YES;
				INFOPLIST_KEY_UILaunchStoryboardName = LaunchScreen;
				INFOPLIST_KEY_UIMainStoryboardFile = Main;
				INFOPLIST_KEY_UISupportedInterfaceOrientations_iPad = "UIInterfaceOrientationPortrait UIInterfaceOrientationPortraitUpsideDown UIInterfaceOrientationLandscapeLeft UIInterfaceOrientationLandscapeRight";
				INFOPLIST_KEY_UISupportedInterfaceOrientations_iPhone = "UIInterfaceOrientationPortrait UIInterfaceOrientationLandscapeLeft UIInterfaceOrientationLandscapeRight";
				LD_RUNPATH_SEARCH_PATHS = (
					"$(inherited)",
					"@executable_path/Frameworks",
				);
				MARKETING_VERSION = 1.0;
				PRODUCT_BUNDLE_IDENTIFIER = "dima-kryshtal.Food-Delivery";
				PRODUCT_NAME = "$(TARGET_NAME)";
				SWIFT_EMIT_LOC_STRINGS = YES;
				SWIFT_VERSION = 5.0;
				TARGETED_DEVICE_FAMILY = "1,2";
			};
			name = Debug;
		};
		C68D43012971ABB400FB7A9D /* Release */ = {
			isa = XCBuildConfiguration;
			buildSettings = {
				ASSETCATALOG_COMPILER_APPICON_NAME = AppIcon;
				ASSETCATALOG_COMPILER_GLOBAL_ACCENT_COLOR_NAME = AccentColor;
				CODE_SIGN_STYLE = Automatic;
				CURRENT_PROJECT_VERSION = 1;
				DEVELOPMENT_TEAM = HRS8A783WL;
				GENERATE_INFOPLIST_FILE = YES;
				INFOPLIST_FILE = "Food Delivery/Info.plist";
				INFOPLIST_KEY_UIApplicationSupportsIndirectInputEvents = YES;
				INFOPLIST_KEY_UILaunchStoryboardName = LaunchScreen;
				INFOPLIST_KEY_UIMainStoryboardFile = Main;
				INFOPLIST_KEY_UISupportedInterfaceOrientations_iPad = "UIInterfaceOrientationPortrait UIInterfaceOrientationPortraitUpsideDown UIInterfaceOrientationLandscapeLeft UIInterfaceOrientationLandscapeRight";
				INFOPLIST_KEY_UISupportedInterfaceOrientations_iPhone = "UIInterfaceOrientationPortrait UIInterfaceOrientationLandscapeLeft UIInterfaceOrientationLandscapeRight";
				LD_RUNPATH_SEARCH_PATHS = (
					"$(inherited)",
					"@executable_path/Frameworks",
				);
				MARKETING_VERSION = 1.0;
				PRODUCT_BUNDLE_IDENTIFIER = "dima-kryshtal.Food-Delivery";
				PRODUCT_NAME = "$(TARGET_NAME)";
				SWIFT_EMIT_LOC_STRINGS = YES;
				SWIFT_VERSION = 5.0;
				TARGETED_DEVICE_FAMILY = "1,2";
			};
			name = Release;
		};
/* End XCBuildConfiguration section */

/* Begin XCConfigurationList section */
		C68D42E62971ABB300FB7A9D /* Build configuration list for PBXProject "Food Delivery" */ = {
			isa = XCConfigurationList;
			buildConfigurations = (
				C68D42FD2971ABB400FB7A9D /* Debug */,
				C68D42FE2971ABB400FB7A9D /* Release */,
			);
			defaultConfigurationIsVisible = 0;
			defaultConfigurationName = Release;
		};
		C68D42FF2971ABB400FB7A9D /* Build configuration list for PBXNativeTarget "Food Delivery" */ = {
			isa = XCConfigurationList;
			buildConfigurations = (
				C68D43002971ABB400FB7A9D /* Debug */,
				C68D43012971ABB400FB7A9D /* Release */,
			);
			defaultConfigurationIsVisible = 0;
			defaultConfigurationName = Release;
		};
/* End XCConfigurationList section */

/* Begin XCRemoteSwiftPackageReference section */
		C6AA1716297EDEFA00B70E46 /* XCRemoteSwiftPackageReference "firebase-ios-sdk" */ = {
			isa = XCRemoteSwiftPackageReference;
			repositoryURL = "https://github.com/firebase/firebase-ios-sdk";
			requirement = {
				branch = master;
				kind = branch;
			};
		};
/* End XCRemoteSwiftPackageReference section */

/* Begin XCSwiftPackageProductDependency section */
		C6AA1717297EDEFA00B70E46 /* FirebaseAnalyticsSwift */ = {
			isa = XCSwiftPackageProductDependency;
			package = C6AA1716297EDEFA00B70E46 /* XCRemoteSwiftPackageReference "firebase-ios-sdk" */;
			productName = FirebaseAnalyticsSwift;
		};
		C6AA1719297EDEFA00B70E46 /* FirebaseAuth */ = {
			isa = XCSwiftPackageProductDependency;
			package = C6AA1716297EDEFA00B70E46 /* XCRemoteSwiftPackageReference "firebase-ios-sdk" */;
			productName = FirebaseAuth;
		};
		C6AA171B297EDEFA00B70E46 /* FirebaseAuthCombine-Community */ = {
			isa = XCSwiftPackageProductDependency;
			package = C6AA1716297EDEFA00B70E46 /* XCRemoteSwiftPackageReference "firebase-ios-sdk" */;
			productName = "FirebaseAuthCombine-Community";
		};
		C6AA171D297EDEFA00B70E46 /* FirebaseFirestoreSwift */ = {
			isa = XCSwiftPackageProductDependency;
			package = C6AA1716297EDEFA00B70E46 /* XCRemoteSwiftPackageReference "firebase-ios-sdk" */;
			productName = FirebaseFirestoreSwift;
		};
		C6AA171F297EDEFA00B70E46 /* FirebaseFunctions */ = {
			isa = XCSwiftPackageProductDependency;
			package = C6AA1716297EDEFA00B70E46 /* XCRemoteSwiftPackageReference "firebase-ios-sdk" */;
			productName = FirebaseFunctions;
		};
		C6AA1721297EDEFA00B70E46 /* FirebaseInstallations */ = {
			isa = XCSwiftPackageProductDependency;
			package = C6AA1716297EDEFA00B70E46 /* XCRemoteSwiftPackageReference "firebase-ios-sdk" */;
			productName = FirebaseInstallations;
		};
		C6AA1723297EDEFA00B70E46 /* FirebasePerformance */ = {
			isa = XCSwiftPackageProductDependency;
			package = C6AA1716297EDEFA00B70E46 /* XCRemoteSwiftPackageReference "firebase-ios-sdk" */;
			productName = FirebasePerformance;
		};
		C6AA1725297EDEFA00B70E46 /* FirebaseRemoteConfigSwift */ = {
			isa = XCSwiftPackageProductDependency;
			package = C6AA1716297EDEFA00B70E46 /* XCRemoteSwiftPackageReference "firebase-ios-sdk" */;
			productName = FirebaseRemoteConfigSwift;
		};
		C6AA1727297EDEFA00B70E46 /* FirebaseStorage */ = {
			isa = XCSwiftPackageProductDependency;
			package = C6AA1716297EDEFA00B70E46 /* XCRemoteSwiftPackageReference "firebase-ios-sdk" */;
			productName = FirebaseStorage;
		};
/* End XCSwiftPackageProductDependency section */
	};
	rootObject = C68D42E32971ABB300FB7A9D /* Project object */;
}
